// !$*UTF8*$!
{
	archiveVersion = 1;
	classes = {
	};
	objectVersion = 50;
	objects = {

/* Begin PBXBuildFile section */
		A49BBE53247C7D8E0055D29D /* AppDelegate.m in Sources */ = {isa = PBXBuildFile; fileRef = A49BBE52247C7D8E0055D29D /* AppDelegate.m */; };
		A49BBE56247C7D8E0055D29D /* SceneDelegate.m in Sources */ = {isa = PBXBuildFile; fileRef = A49BBE55247C7D8E0055D29D /* SceneDelegate.m */; };
		A49BBE5C247C7D8E0055D29D /* Main.storyboard in Resources */ = {isa = PBXBuildFile; fileRef = A49BBE5A247C7D8E0055D29D /* Main.storyboard */; };
		A49BBE5E247C7D920055D29D /* Assets.xcassets in Resources */ = {isa = PBXBuildFile; fileRef = A49BBE5D247C7D920055D29D /* Assets.xcassets */; };
		A49BBE61247C7D920055D29D /* LaunchScreen.storyboard in Resources */ = {isa = PBXBuildFile; fileRef = A49BBE5F247C7D920055D29D /* LaunchScreen.storyboard */; };
		A49BBE64247C7D920055D29D /* main.m in Sources */ = {isa = PBXBuildFile; fileRef = A49BBE63247C7D920055D29D /* main.m */; };
		A49BBE6E247C7D920055D29D /* MyBookstoreTests.m in Sources */ = {isa = PBXBuildFile; fileRef = A49BBE6D247C7D920055D29D /* MyBookstoreTests.m */; };
		A49BBE79247C7D920055D29D /* MyBookstoreUITests.m in Sources */ = {isa = PBXBuildFile; fileRef = A49BBE78247C7D920055D29D /* MyBookstoreUITests.m */; };
		A49BBE88247C7FB00055D29D /* Book.m in Sources */ = {isa = PBXBuildFile; fileRef = A49BBE87247C7FB00055D29D /* Book.m */; };
		A49BBE8B247C7FFC0055D29D /* Bookstore.m in Sources */ = {isa = PBXBuildFile; fileRef = A49BBE8A247C7FFC0055D29D /* Bookstore.m */; };
		A49BBE95247C86FD0055D29D /* MainViewController.m in Sources */ = {isa = PBXBuildFile; fileRef = A49BBE94247C86FD0055D29D /* MainViewController.m */; };
		A49BBE98247CB80C0055D29D /* BookDetailViewController.m in Sources */ = {isa = PBXBuildFile; fileRef = A49BBE97247CB80C0055D29D /* BookDetailViewController.m */; };
/* End PBXBuildFile section */

/* Begin PBXContainerItemProxy section */
		A49BBE6A247C7D920055D29D /* PBXContainerItemProxy */ = {
			isa = PBXContainerItemProxy;
			containerPortal = A49BBE46247C7D8E0055D29D /* Project object */;
			proxyType = 1;
			remoteGlobalIDString = A49BBE4D247C7D8E0055D29D;
			remoteInfo = MyBookstore;
		};
		A49BBE75247C7D920055D29D /* PBXContainerItemProxy */ = {
			isa = PBXContainerItemProxy;
			containerPortal = A49BBE46247C7D8E0055D29D /* Project object */;
			proxyType = 1;
			remoteGlobalIDString = A49BBE4D247C7D8E0055D29D;
			remoteInfo = MyBookstore;
		};
/* End PBXContainerItemProxy section */

/* Begin PBXFileReference section */
		A49BBE4E247C7D8E0055D29D /* MyBookstore.app */ = {isa = PBXFileReference; explicitFileType = wrapper.application; includeInIndex = 0; path = MyBookstore.app; sourceTree = BUILT_PRODUCTS_DIR; };
		A49BBE51247C7D8E0055D29D /* AppDelegate.h */ = {isa = PBXFileReference; lastKnownFileType = sourcecode.c.h; path = AppDelegate.h; sourceTree = "<group>"; };
		A49BBE52247C7D8E0055D29D /* AppDelegate.m */ = {isa = PBXFileReference; lastKnownFileType = sourcecode.c.objc; path = AppDelegate.m; sourceTree = "<group>"; };
		A49BBE54247C7D8E0055D29D /* SceneDelegate.h */ = {isa = PBXFileReference; lastKnownFileType = sourcecode.c.h; path = SceneDelegate.h; sourceTree = "<group>"; };
		A49BBE55247C7D8E0055D29D /* SceneDelegate.m */ = {isa = PBXFileReference; lastKnownFileType = sourcecode.c.objc; path = SceneDelegate.m; sourceTree = "<group>"; };
		A49BBE5B247C7D8E0055D29D /* Base */ = {isa = PBXFileReference; lastKnownFileType = file.storyboard; name = Base; path = Base.lproj/Main.storyboard; sourceTree = "<group>"; };
		A49BBE5D247C7D920055D29D /* Assets.xcassets */ = {isa = PBXFileReference; lastKnownFileType = folder.assetcatalog; path = Assets.xcassets; sourceTree = "<group>"; };
		A49BBE60247C7D920055D29D /* Base */ = {isa = PBXFileReference; lastKnownFileType = file.storyboard; name = Base; path = Base.lproj/LaunchScreen.storyboard; sourceTree = "<group>"; };
		A49BBE62247C7D920055D29D /* Info.plist */ = {isa = PBXFileReference; lastKnownFileType = text.plist.xml; path = Info.plist; sourceTree = "<group>"; };
		A49BBE63247C7D920055D29D /* main.m */ = {isa = PBXFileReference; lastKnownFileType = sourcecode.c.objc; path = main.m; sourceTree = "<group>"; };
		A49BBE69247C7D920055D29D /* MyBookstoreTests.xctest */ = {isa = PBXFileReference; explicitFileType = wrapper.cfbundle; includeInIndex = 0; path = MyBookstoreTests.xctest; sourceTree = BUILT_PRODUCTS_DIR; };
		A49BBE6D247C7D920055D29D /* MyBookstoreTests.m */ = {isa = PBXFileReference; lastKnownFileType = sourcecode.c.objc; path = MyBookstoreTests.m; sourceTree = "<group>"; };
		A49BBE6F247C7D920055D29D /* Info.plist */ = {isa = PBXFileReference; lastKnownFileType = text.plist.xml; path = Info.plist; sourceTree = "<group>"; };
		A49BBE74247C7D920055D29D /* MyBookstoreUITests.xctest */ = {isa = PBXFileReference; explicitFileType = wrapper.cfbundle; includeInIndex = 0; path = MyBookstoreUITests.xctest; sourceTree = BUILT_PRODUCTS_DIR; };
		A49BBE78247C7D920055D29D /* MyBookstoreUITests.m */ = {isa = PBXFileReference; lastKnownFileType = sourcecode.c.objc; path = MyBookstoreUITests.m; sourceTree = "<group>"; };
		A49BBE7A247C7D920055D29D /* Info.plist */ = {isa = PBXFileReference; lastKnownFileType = text.plist.xml; path = Info.plist; sourceTree = "<group>"; };
		A49BBE86247C7FB00055D29D /* Book.h */ = {isa = PBXFileReference; lastKnownFileType = sourcecode.c.h; path = Book.h; sourceTree = SOURCE_ROOT; };
		A49BBE87247C7FB00055D29D /* Book.m */ = {isa = PBXFileReference; lastKnownFileType = sourcecode.c.objc; path = Book.m; sourceTree = SOURCE_ROOT; };
		A49BBE89247C7FFC0055D29D /* Bookstore.h */ = {isa = PBXFileReference; lastKnownFileType = sourcecode.c.h; path = Bookstore.h; sourceTree = SOURCE_ROOT; };
		A49BBE8A247C7FFC0055D29D /* Bookstore.m */ = {isa = PBXFileReference; lastKnownFileType = sourcecode.c.objc; path = Bookstore.m; sourceTree = SOURCE_ROOT; };
		A49BBE93247C86FD0055D29D /* MainViewController.h */ = {isa = PBXFileReference; lastKnownFileType = sourcecode.c.h; path = MainViewController.h; sourceTree = "<group>"; };
		A49BBE94247C86FD0055D29D /* MainViewController.m */ = {isa = PBXFileReference; lastKnownFileType = sourcecode.c.objc; path = MainViewController.m; sourceTree = "<group>"; };
		A49BBE96247CB80C0055D29D /* BookDetailViewController.h */ = {isa = PBXFileReference; lastKnownFileType = sourcecode.c.h; path = BookDetailViewController.h; sourceTree = "<group>"; };
		A49BBE97247CB80C0055D29D /* BookDetailViewController.m */ = {isa = PBXFileReference; lastKnownFileType = sourcecode.c.objc; path = BookDetailViewController.m; sourceTree = "<group>"; };
/* End PBXFileReference section */

/* Begin PBXFrameworksBuildPhase section */
		A49BBE4B247C7D8E0055D29D /* Frameworks */ = {
			isa = PBXFrameworksBuildPhase;
			buildActionMask = 2147483647;
			files = (
			);
			runOnlyForDeploymentPostprocessing = 0;
		};
		A49BBE66247C7D920055D29D /* Frameworks */ = {
			isa = PBXFrameworksBuildPhase;
			buildActionMask = 2147483647;
			files = (
			);
			runOnlyForDeploymentPostprocessing = 0;
		};
		A49BBE71247C7D920055D29D /* Frameworks */ = {
			isa = PBXFrameworksBuildPhase;
			buildActionMask = 2147483647;
			files = (
			);
			runOnlyForDeploymentPostprocessing = 0;
		};
/* End PBXFrameworksBuildPhase section */

/* Begin PBXGroup section */
		A49BBE45247C7D8E0055D29D = {
			isa = PBXGroup;
			children = (
				A49BBE50247C7D8E0055D29D /* MyBookstore */,
				A49BBE6C247C7D920055D29D /* MyBookstoreTests */,
				A49BBE77247C7D920055D29D /* MyBookstoreUITests */,
				A49BBE4F247C7D8E0055D29D /* Products */,
			);
			sourceTree = "<group>";
		};
		A49BBE4F247C7D8E0055D29D /* Products */ = {
			isa = PBXGroup;
			children = (
				A49BBE4E247C7D8E0055D29D /* MyBookstore.app */,
				A49BBE69247C7D920055D29D /* MyBookstoreTests.xctest */,
				A49BBE74247C7D920055D29D /* MyBookstoreUITests.xctest */,
			);
			name = Products;
			sourceTree = "<group>";
		};
		A49BBE50247C7D8E0055D29D /* MyBookstore */ = {
			isa = PBXGroup;
			children = (
				A49BBE51247C7D8E0055D29D /* AppDelegate.h */,
				A49BBE52247C7D8E0055D29D /* AppDelegate.m */,
				A49BBE54247C7D8E0055D29D /* SceneDelegate.h */,
				A49BBE55247C7D8E0055D29D /* SceneDelegate.m */,
				A49BBE5A247C7D8E0055D29D /* Main.storyboard */,
				A49BBE5D247C7D920055D29D /* Assets.xcassets */,
				A49BBE5F247C7D920055D29D /* LaunchScreen.storyboard */,
				A49BBE62247C7D920055D29D /* Info.plist */,
				A49BBE63247C7D920055D29D /* main.m */,
				A49BBE86247C7FB00055D29D /* Book.h */,
				A49BBE87247C7FB00055D29D /* Book.m */,
				A49BBE89247C7FFC0055D29D /* Bookstore.h */,
				A49BBE8A247C7FFC0055D29D /* Bookstore.m */,
				A49BBE93247C86FD0055D29D /* MainViewController.h */,
				A49BBE94247C86FD0055D29D /* MainViewController.m */,
				A49BBE96247CB80C0055D29D /* BookDetailViewController.h */,
				A49BBE97247CB80C0055D29D /* BookDetailViewController.m */,
			);
			path = MyBookstore;
			sourceTree = "<group>";
		};
		A49BBE6C247C7D920055D29D /* MyBookstoreTests */ = {
			isa = PBXGroup;
			children = (
				A49BBE6D247C7D920055D29D /* MyBookstoreTests.m */,
				A49BBE6F247C7D920055D29D /* Info.plist */,
			);
			path = MyBookstoreTests;
			sourceTree = "<group>";
		};
		A49BBE77247C7D920055D29D /* MyBookstoreUITests */ = {
			isa = PBXGroup;
			children = (
				A49BBE78247C7D920055D29D /* MyBookstoreUITests.m */,
				A49BBE7A247C7D920055D29D /* Info.plist */,
			);
			path = MyBookstoreUITests;
			sourceTree = "<group>";
		};
/* End PBXGroup section */

/* Begin PBXNativeTarget section */
		A49BBE4D247C7D8E0055D29D /* MyBookstore */ = {
			isa = PBXNativeTarget;
			buildConfigurationList = A49BBE7D247C7D920055D29D /* Build configuration list for PBXNativeTarget "MyBookstore" */;
			buildPhases = (
				A49BBE4A247C7D8E0055D29D /* Sources */,
				A49BBE4B247C7D8E0055D29D /* Frameworks */,
				A49BBE4C247C7D8E0055D29D /* Resources */,
			);
			buildRules = (
			);
			dependencies = (
			);
			name = MyBookstore;
			productName = MyBookstore;
			productReference = A49BBE4E247C7D8E0055D29D /* MyBookstore.app */;
			productType = "com.apple.product-type.application";
		};
		A49BBE68247C7D920055D29D /* MyBookstoreTests */ = {
			isa = PBXNativeTarget;
			buildConfigurationList = A49BBE80247C7D920055D29D /* Build configuration list for PBXNativeTarget "MyBookstoreTests" */;
			buildPhases = (
				A49BBE65247C7D920055D29D /* Sources */,
				A49BBE66247C7D920055D29D /* Frameworks */,
				A49BBE67247C7D920055D29D /* Resources */,
			);
			buildRules = (
			);
			dependencies = (
				A49BBE6B247C7D920055D29D /* PBXTargetDependency */,
			);
			name = MyBookstoreTests;
			productName = MyBookstoreTests;
			productReference = A49BBE69247C7D920055D29D /* MyBookstoreTests.xctest */;
			productType = "com.apple.product-type.bundle.unit-test";
		};
		A49BBE73247C7D920055D29D /* MyBookstoreUITests */ = {
			isa = PBXNativeTarget;
			buildConfigurationList = A49BBE83247C7D920055D29D /* Build configuration list for PBXNativeTarget "MyBookstoreUITests" */;
			buildPhases = (
				A49BBE70247C7D920055D29D /* Sources */,
				A49BBE71247C7D920055D29D /* Frameworks */,
				A49BBE72247C7D920055D29D /* Resources */,
			);
			buildRules = (
			);
			dependencies = (
				A49BBE76247C7D920055D29D /* PBXTargetDependency */,
			);
			name = MyBookstoreUITests;
			productName = MyBookstoreUITests;
			productReference = A49BBE74247C7D920055D29D /* MyBookstoreUITests.xctest */;
			productType = "com.apple.product-type.bundle.ui-testing";
		};
/* End PBXNativeTarget section */

/* Begin PBXProject section */
		A49BBE46247C7D8E0055D29D /* Project object */ = {
			isa = PBXProject;
			attributes = {
				LastUpgradeCheck = 1140;
				ORGANIZATIONNAME = "TEJAS MEHTA";
				TargetAttributes = {
					A49BBE4D247C7D8E0055D29D = {
						CreatedOnToolsVersion = 11.4.1;
					};
					A49BBE68247C7D920055D29D = {
						CreatedOnToolsVersion = 11.4.1;
						TestTargetID = A49BBE4D247C7D8E0055D29D;
					};
					A49BBE73247C7D920055D29D = {
						CreatedOnToolsVersion = 11.4.1;
						TestTargetID = A49BBE4D247C7D8E0055D29D;
					};
				};
			};
			buildConfigurationList = A49BBE49247C7D8E0055D29D /* Build configuration list for PBXProject "MyBookstore" */;
			compatibilityVersion = "Xcode 9.3";
			developmentRegion = en;
			hasScannedForEncodings = 0;
			knownRegions = (
				en,
				Base,
			);
			mainGroup = A49BBE45247C7D8E0055D29D;
			productRefGroup = A49BBE4F247C7D8E0055D29D /* Products */;
			projectDirPath = "";
			projectRoot = "";
			targets = (
				A49BBE4D247C7D8E0055D29D /* MyBookstore */,
				A49BBE68247C7D920055D29D /* MyBookstoreTests */,
				A49BBE73247C7D920055D29D /* MyBookstoreUITests */,
			);
		};
/* End PBXProject section */

/* Begin PBXResourcesBuildPhase section */
		A49BBE4C247C7D8E0055D29D /* Resources */ = {
			isa = PBXResourcesBuildPhase;
			buildActionMask = 2147483647;
			files = (
				A49BBE61247C7D920055D29D /* LaunchScreen.storyboard in Resources */,
				A49BBE5E247C7D920055D29D /* Assets.xcassets in Resources */,
				A49BBE5C247C7D8E0055D29D /* Main.storyboard in Resources */,
			);
			runOnlyForDeploymentPostprocessing = 0;
		};
		A49BBE67247C7D920055D29D /* Resources */ = {
			isa = PBXResourcesBuildPhase;
			buildActionMask = 2147483647;
			files = (
			);
			runOnlyForDeploymentPostprocessing = 0;
		};
		A49BBE72247C7D920055D29D /* Resources */ = {
			isa = PBXResourcesBuildPhase;
			buildActionMask = 2147483647;
			files = (
			);
			runOnlyForDeploymentPostprocessing = 0;
		};
/* End PBXResourcesBuildPhase section */

/* Begin PBXSourcesBuildPhase section */
		A49BBE4A247C7D8E0055D29D /* Sources */ = {
			isa = PBXSourcesBuildPhase;
			buildActionMask = 2147483647;
			files = (
				A49BBE8B247C7FFC0055D29D /* Bookstore.m in Sources */,
				A49BBE95247C86FD0055D29D /* MainViewController.m in Sources */,
				A49BBE88247C7FB00055D29D /* Book.m in Sources */,
				A49BBE53247C7D8E0055D29D /* AppDelegate.m in Sources */,
				A49BBE64247C7D920055D29D /* main.m in Sources */,
				A49BBE98247CB80C0055D29D /* BookDetailViewController.m in Sources */,
				A49BBE56247C7D8E0055D29D /* SceneDelegate.m in Sources */,
			);
			runOnlyForDeploymentPostprocessing = 0;
		};
		A49BBE65247C7D920055D29D /* Sources */ = {
			isa = PBXSourcesBuildPhase;
			buildActionMask = 2147483647;
			files = (
				A49BBE6E247C7D920055D29D /* MyBookstoreTests.m in Sources */,
			);
			runOnlyForDeploymentPostprocessing = 0;
		};
		A49BBE70247C7D920055D29D /* Sources */ = {
			isa = PBXSourcesBuildPhase;
			buildActionMask = 2147483647;
			files = (
				A49BBE79247C7D920055D29D /* MyBookstoreUITests.m in Sources */,
			);
			runOnlyForDeploymentPostprocessing = 0;
		};
/* End PBXSourcesBuildPhase section */

/* Begin PBXTargetDependency section */
		A49BBE6B247C7D920055D29D /* PBXTargetDependency */ = {
			isa = PBXTargetDependency;
			target = A49BBE4D247C7D8E0055D29D /* MyBookstore */;
			targetProxy = A49BBE6A247C7D920055D29D /* PBXContainerItemProxy */;
		};
		A49BBE76247C7D920055D29D /* PBXTargetDependency */ = {
			isa = PBXTargetDependency;
			target = A49BBE4D247C7D8E0055D29D /* MyBookstore */;
			targetProxy = A49BBE75247C7D920055D29D /* PBXContainerItemProxy */;
		};
/* End PBXTargetDependency section */

/* Begin PBXVariantGroup section */
		A49BBE5A247C7D8E0055D29D /* Main.storyboard */ = {
			isa = PBXVariantGroup;
			children = (
				A49BBE5B247C7D8E0055D29D /* Base */,
			);
			name = Main.storyboard;
			sourceTree = "<group>";
		};
		A49BBE5F247C7D920055D29D /* LaunchScreen.storyboard */ = {
			isa = PBXVariantGroup;
			children = (
				A49BBE60247C7D920055D29D /* Base */,
			);
			name = LaunchScreen.storyboard;
			sourceTree = "<group>";
		};
/* End PBXVariantGroup section */

/* Begin XCBuildConfiguration section */
		A49BBE7B247C7D920055D29D /* Debug */ = {
			isa = XCBuildConfiguration;
			buildSettings = {
				ALWAYS_SEARCH_USER_PATHS = NO;
				CLANG_ANALYZER_NONNULL = YES;
				CLANG_ANALYZER_NUMBER_OBJECT_CONVERSION = YES_AGGRESSIVE;
				CLANG_CXX_LANGUAGE_STANDARD = "gnu++14";
				CLANG_CXX_LIBRARY = "libc++";
				CLANG_ENABLE_MODULES = YES;
				CLANG_ENABLE_OBJC_ARC = YES;
				CLANG_ENABLE_OBJC_WEAK = YES;
				CLANG_WARN_BLOCK_CAPTURE_AUTORELEASING = YES;
				CLANG_WARN_BOOL_CONVERSION = YES;
				CLANG_WARN_COMMA = YES;
				CLANG_WARN_CONSTANT_CONVERSION = YES;
				CLANG_WARN_DEPRECATED_OBJC_IMPLEMENTATIONS = YES;
				CLANG_WARN_DIRECT_OBJC_ISA_USAGE = YES_ERROR;
				CLANG_WARN_DOCUMENTATION_COMMENTS = YES;
				CLANG_WARN_EMPTY_BODY = YES;
				CLANG_WARN_ENUM_CONVERSION = YES;
				CLANG_WARN_INFINITE_RECURSION = YES;
				CLANG_WARN_INT_CONVERSION = YES;
				CLANG_WARN_NON_LITERAL_NULL_CONVERSION = YES;
				CLANG_WARN_OBJC_IMPLICIT_RETAIN_SELF = YES;
				CLANG_WARN_OBJC_LITERAL_CONVERSION = YES;
				CLANG_WARN_OBJC_ROOT_CLASS = YES_ERROR;
				CLANG_WARN_RANGE_LOOP_ANALYSIS = YES;
				CLANG_WARN_STRICT_PROTOTYPES = YES;
				CLANG_WARN_SUSPICIOUS_MOVE = YES;
				CLANG_WARN_UNGUARDED_AVAILABILITY = YES_AGGRESSIVE;
				CLANG_WARN_UNREACHABLE_CODE = YES;
				CLANG_WARN__DUPLICATE_METHOD_MATCH = YES;
				COPY_PHASE_STRIP = NO;
				DEBUG_INFORMATION_FORMAT = dwarf;
				ENABLE_STRICT_OBJC_MSGSEND = YES;
				ENABLE_TESTABILITY = YES;
				GCC_C_LANGUAGE_STANDARD = gnu11;
				GCC_DYNAMIC_NO_PIC = NO;
				GCC_NO_COMMON_BLOCKS = YES;
				GCC_OPTIMIZATION_LEVEL = 0;
				GCC_PREPROCESSOR_DEFINITIONS = (
					"DEBUG=1",
					"$(inherited)",
				);
				GCC_WARN_64_TO_32_BIT_CONVERSION = YES;
				GCC_WARN_ABOUT_RETURN_TYPE = YES_ERROR;
				GCC_WARN_UNDECLARED_SELECTOR = YES;
				GCC_WARN_UNINITIALIZED_AUTOS = YES_AGGRESSIVE;
				GCC_WARN_UNUSED_FUNCTION = YES;
				GCC_WARN_UNUSED_VARIABLE = YES;
				IPHONEOS_DEPLOYMENT_TARGET = 13.4;
				MTL_ENABLE_DEBUG_INFO = INCLUDE_SOURCE;
				MTL_FAST_MATH = YES;
				ONLY_ACTIVE_ARCH = YES;
				SDKROOT = iphoneos;
			};
			name = Debug;
		};
		A49BBE7C247C7D920055D29D /* Release */ = {
			isa = XCBuildConfiguration;
			buildSettings = {
				ALWAYS_SEARCH_USER_PATHS = NO;
				CLANG_ANALYZER_NONNULL = YES;
				CLANG_ANALYZER_NUMBER_OBJECT_CONVERSION = YES_AGGRESSIVE;
				CLANG_CXX_LANGUAGE_STANDARD = "gnu++14";
				CLANG_CXX_LIBRARY = "libc++";
				CLANG_ENABLE_MODULES = YES;
				CLANG_ENABLE_OBJC_ARC = YES;
				CLANG_ENABLE_OBJC_WEAK = YES;
				CLANG_WARN_BLOCK_CAPTURE_AUTORELEASING = YES;
				CLANG_WARN_BOOL_CONVERSION = YES;
				CLANG_WARN_COMMA = YES;
				CLANG_WARN_CONSTANT_CONVERSION = YES;
				CLANG_WARN_DEPRECATED_OBJC_IMPLEMENTATIONS = YES;
				CLANG_WARN_DIRECT_OBJC_ISA_USAGE = YES_ERROR;
				CLANG_WARN_DOCUMENTATION_COMMENTS = YES;
				CLANG_WARN_EMPTY_BODY = YES;
				CLANG_WARN_ENUM_CONVERSION = YES;
				CLANG_WARN_INFINITE_RECURSION = YES;
				CLANG_WARN_INT_CONVERSION = YES;
				CLANG_WARN_NON_LITERAL_NULL_CONVERSION = YES;
				CLANG_WARN_OBJC_IMPLICIT_RETAIN_SELF = YES;
				CLANG_WARN_OBJC_LITERAL_CONVERSION = YES;
				CLANG_WARN_OBJC_ROOT_CLASS = YES_ERROR;
				CLANG_WARN_RANGE_LOOP_ANALYSIS = YES;
				CLANG_WARN_STRICT_PROTOTYPES = YES;
				CLANG_WARN_SUSPICIOUS_MOVE = YES;
				CLANG_WARN_UNGUARDED_AVAILABILITY = YES_AGGRESSIVE;
				CLANG_WARN_UNREACHABLE_CODE = YES;
				CLANG_WARN__DUPLICATE_METHOD_MATCH = YES;
				COPY_PHASE_STRIP = NO;
				DEBUG_INFORMATION_FORMAT = "dwarf-with-dsym";
				ENABLE_NS_ASSERTIONS = NO;
				ENABLE_STRICT_OBJC_MSGSEND = YES;
				GCC_C_LANGUAGE_STANDARD = gnu11;
				GCC_NO_COMMON_BLOCKS = YES;
				GCC_WARN_64_TO_32_BIT_CONVERSION = YES;
				GCC_WARN_ABOUT_RETURN_TYPE = YES_ERROR;
				GCC_WARN_UNDECLARED_SELECTOR = YES;
				GCC_WARN_UNINITIALIZED_AUTOS = YES_AGGRESSIVE;
				GCC_WARN_UNUSED_FUNCTION = YES;
				GCC_WARN_UNUSED_VARIABLE = YES;
				IPHONEOS_DEPLOYMENT_TARGET = 13.4;
				MTL_ENABLE_DEBUG_INFO = NO;
				MTL_FAST_MATH = YES;
				SDKROOT = iphoneos;
				VALIDATE_PRODUCT = YES;
			};
			name = Release;
		};
		A49BBE7E247C7D920055D29D /* Debug */ = {
			isa = XCBuildConfiguration;
			buildSettings = {
				ASSETCATALOG_COMPILER_APPICON_NAME = AppIcon;
				CODE_SIGN_STYLE = Automatic;
				INFOPLIST_FILE = MyBookstore/Info.plist;
				LD_RUNPATH_SEARCH_PATHS = (
					"$(inherited)",
					"@executable_path/Frameworks",
				);
				PRODUCT_BUNDLE_IDENTIFIER = come.tejas.MyBookstore;
				PRODUCT_NAME = "$(TARGET_NAME)";
				TARGETED_DEVICE_FAMILY = "1,2";
			};
			name = Debug;
		};
		A49BBE7F247C7D920055D29D /* Release */ = {
			isa = XCBuildConfiguration;
			buildSettings = {
				ASSETCATALOG_COMPILER_APPICON_NAME = AppIcon;
				CODE_SIGN_STYLE = Automatic;
				INFOPLIST_FILE = MyBookstore/Info.plist;
				LD_RUNPATH_SEARCH_PATHS = (
					"$(inherited)",
					"@executable_path/Frameworks",
				);
				PRODUCT_BUNDLE_IDENTIFIER = come.tejas.MyBookstore;
				PRODUCT_NAME = "$(TARGET_NAME)";
				TARGETED_DEVICE_FAMILY = "1,2";
			};
			name = Release;
		};
		A49BBE81247C7D920055D29D /* Debug */ = {
			isa = XCBuildConfiguration;
			buildSettings = {
				BUNDLE_LOADER = "$(TEST_HOST)";
				CODE_SIGN_STYLE = Automatic;
				INFOPLIST_FILE = MyBookstoreTests/Info.plist;
				IPHONEOS_DEPLOYMENT_TARGET = 13.4;
				LD_RUNPATH_SEARCH_PATHS = (
					"$(inherited)",
					"@executable_path/Frameworks",
					"@loader_path/Frameworks",
				);
				PRODUCT_BUNDLE_IDENTIFIER = come.tejas.MyBookstoreTests;
				PRODUCT_NAME = "$(TARGET_NAME)";
				TARGETED_DEVICE_FAMILY = "1,2";
				TEST_HOST = "$(BUILT_PRODUCTS_DIR)/MyBookstore.app/MyBookstore";
			};
			name = Debug;
		};
		A49BBE82247C7D920055D29D /* Release */ = {
			isa = XCBuildConfiguration;
			buildSettings = {
				BUNDLE_LOADER = "$(TEST_HOST)";
				CODE_SIGN_STYLE = Automatic;
				INFOPLIST_FILE = MyBookstoreTests/Info.plist;
				IPHONEOS_DEPLOYMENT_TARGET = 13.4;
				LD_RUNPATH_SEARCH_PATHS = (
					"$(inherited)",
					"@executable_path/Frameworks",
					"@loader_path/Frameworks",
				);
				PRODUCT_BUNDLE_IDENTIFIER = come.tejas.MyBookstoreTests;
				PRODUCT_NAME = "$(TARGET_NAME)";
				TARGETED_DEVICE_FAMILY = "1,2";
				TEST_HOST = "$(BUILT_PRODUCTS_DIR)/MyBookstore.app/MyBookstore";
			};
			name = Release;
		};
		A49BBE84247C7D920055D29D /* Debug */ = {
			isa = XCBuildConfiguration;
			buildSettings = {
				CODE_SIGN_STYLE = Automatic;
				INFOPLIST_FILE = MyBookstoreUITests/Info.plist;
				LD_RUNPATH_SEARCH_PATHS = (
					"$(inherited)",
					"@executable_path/Frameworks",
					"@loader_path/Frameworks",
				);
				PRODUCT_BUNDLE_IDENTIFIER = come.tejas.MyBookstoreUITests;
				PRODUCT_NAME = "$(TARGET_NAME)";
				TARGETED_DEVICE_FAMILY = "1,2";
				TEST_TARGET_NAME = MyBookstore;
			};
			name = Debug;
		};
		A49BBE85247C7D920055D29D /* Release */ = {
			isa = XCBuildConfiguration;
			buildSettings = {
				CODE_SIGN_STYLE = Automatic;
				INFOPLIST_FILE = MyBookstoreUITests/Info.plist;
				LD_RUNPATH_SEARCH_PATHS = (
					"$(inherited)",
					"@executable_path/Frameworks",
					"@loader_path/Frameworks",
				);
				PRODUCT_BUNDLE_IDENTIFIER = come.tejas.MyBookstoreUITests;
				PRODUCT_NAME = "$(TARGET_NAME)";
				TARGETED_DEVICE_FAMILY = "1,2";
				TEST_TARGET_NAME = MyBookstore;
			};
			name = Release;
		};
/* End XCBuildConfiguration section */

/* Begin XCConfigurationList section */
		A49BBE49247C7D8E0055D29D /* Build configuration list for PBXProject "MyBookstore" */ = {
			isa = XCConfigurationList;
			buildConfigurations = (
				A49BBE7B247C7D920055D29D /* Debug */,
				A49BBE7C247C7D920055D29D /* Release */,
			);
			defaultConfigurationIsVisible = 0;
			defaultConfigurationName = Release;
		};
		A49BBE7D247C7D920055D29D /* Build configuration list for PBXNativeTarget "MyBookstore" */ = {
			isa = XCConfigurationList;
			buildConfigurations = (
				A49BBE7E247C7D920055D29D /* Debug */,
				A49BBE7F247C7D920055D29D /* Release */,
			);
			defaultConfigurationIsVisible = 0;
			defaultConfigurationName = Release;
		};
		A49BBE80247C7D920055D29D /* Build configuration list for PBXNativeTarget "MyBookstoreTests" */ = {
			isa = XCConfigurationList;
			buildConfigurations = (
				A49BBE81247C7D920055D29D /* Debug */,
				A49BBE82247C7D920055D29D /* Release */,
			);
			defaultConfigurationIsVisible = 0;
			defaultConfigurationName = Release;
		};
		A49BBE83247C7D920055D29D /* Build configuration list for PBXNativeTarget "MyBookstoreUITests" */ = {
			isa = XCConfigurationList;
			buildConfigurations = (
				A49BBE84247C7D920055D29D /* Debug */,
				A49BBE85247C7D920055D29D /* Release */,
			);
			defaultConfigurationIsVisible = 0;
			defaultConfigurationName = Release;
		};
/* End XCConfigurationList section */
	};
	rootObject = A49BBE46247C7D8E0055D29D /* Project object */;
}
